
Microsoft Visual Studio Solution File, Format Version 12.00
# Visual Studio Version 16
VisualStudioVersion = 16.0.29519.181
MinimumVisualStudioVersion = 10.0.40219.1
Project("{FAE04EC0-301F-11D3-BF4B-00C04F79EFBC}") = "SocketClient", "SocketClient\SocketClient.csproj", "{AE4CF948-1F8B-4AFD-8F1D-4AC88FD7DD16}"
EndProject
Global
	GlobalSection(SolutionConfigurationPlatforms) = preSolution
		Debug|Any CPU = Debug|Any CPU
		Release|Any CPU = Release|Any CPU
	EndGlobalSection
	GlobalSection(ProjectConfigurationPlatforms) = postSolution
		{AE4CF948-1F8B-4AFD-8F1D-4AC88FD7DD16}.Debug|Any CPU.ActiveCfg = Debug|Any CPU
		{AE4CF948-1F8B-4AFD-8F1D-4AC88FD7DD16}.Debug|Any CPU.Build.0 = Debug|Any CPU
		{AE4CF948-1F8B-4AFD-8F1D-4AC88FD7DD16}.Release|Any CPU.ActiveCfg = Release|Any CPU
		{AE4CF948-1F8B-4AFD-8F1D-4AC88FD7DD16}.Release|Any CPU.Build.0 = Release|Any CPU
	EndGlobalSection
	GlobalSection(SolutionProperties) = preSolution
		HideSolutionNode = FALSE
	EndGlobalSection
	GlobalSection(ExtensibilityGlobals) = postSolution
		SolutionGuid = {1F247CCD-E009-426A-9434-27B5770EB101}
	EndGlobalSection
EndGlobal
